
Microsoft Visual Studio Solution File, Format Version 12.00
# Visual Studio 14
VisualStudioVersion = 14.0.23107.0
MinimumVisualStudioVersion = 10.0.40219.1
Project("{FAE04EC0-301F-11D3-BF4B-00C04F79EFBC}") = "Web", "src\Web.csproj", "{B3B75BE1-9DB3-41D9-9151-6100A67BA330}"
EndProject
Project("{FAE04EC0-301F-11D3-BF4B-00C04F79EFBC}") = "Web.Tests", "tests\Web.Tests.csproj", "{A5CCD6A7-6BDE-4667-9390-341BD4E0394E}"
EndProject
Project("{2150E333-8FDC-42A3-9474-1A3956D46DE8}") = ".nuget", ".nuget", "{C57BE603-B63B-409E-8DFF-B3ED3823D0FD}"
	ProjectSection(SolutionItems) = preProject
		.nuget\nuget.config = .nuget\nuget.config
	EndProjectSection
EndProject
Project("{2150E333-8FDC-42A3-9474-1A3956D46DE8}") = ".build", ".build", "{C42A8466-8AE3-4ADF-B11A-2BDA4F9EF34A}"
	ProjectSection(SolutionItems) = preProject
		.build\NuGet.exe = .build\NuGet.exe
		.build\nuget_pack_push.ps1 = .build\nuget_pack_push.ps1
		.build\replace_version.ps1 = .build\replace_version.ps1
	EndProjectSection
EndProject
Project("{2150E333-8FDC-42A3-9474-1A3956D46DE8}") = "Solution Items", "Solution Items", "{A9D1DF61-57B2-400A-9410-32D0FE214A88}"
	ProjectSection(SolutionItems) = preProject
		SXN.Web.nuspec = SXN.Web.nuspec
	EndProjectSection
EndProject
Global
	GlobalSection(SolutionConfigurationPlatforms) = preSolution
		Debug|Any CPU = Debug|Any CPU
		Release|Any CPU = Release|Any CPU
	EndGlobalSection
	GlobalSection(ProjectConfigurationPlatforms) = postSolution
		{B3B75BE1-9DB3-41D9-9151-6100A67BA330}.Debug|Any CPU.ActiveCfg = Debug|Any CPU
		{B3B75BE1-9DB3-41D9-9151-6100A67BA330}.Debug|Any CPU.Build.0 = Debug|Any CPU
		{B3B75BE1-9DB3-41D9-9151-6100A67BA330}.Release|Any CPU.ActiveCfg = Release|Any CPU
		{B3B75BE1-9DB3-41D9-9151-6100A67BA330}.Release|Any CPU.Build.0 = Release|Any CPU
		{A5CCD6A7-6BDE-4667-9390-341BD4E0394E}.Debug|Any CPU.ActiveCfg = Debug|Any CPU
		{A5CCD6A7-6BDE-4667-9390-341BD4E0394E}.Debug|Any CPU.Build.0 = Debug|Any CPU
		{A5CCD6A7-6BDE-4667-9390-341BD4E0394E}.Release|Any CPU.ActiveCfg = Release|Any CPU
	EndGlobalSection
	GlobalSection(SolutionProperties) = preSolution
		HideSolutionNode = FALSE
	EndGlobalSection
EndGlobal
